
Microsoft Visual Studio Solution File, Format Version 12.00
# Visual Studio 15
VisualStudioVersion = 15.0.27703.2026
MinimumVisualStudioVersion = 10.0.40219.1
Project("{FAE04EC0-301F-11D3-BF4B-00C04F79EFBC}") = "ImageSearchEngine", "ImageSearchEngine\ImageSearchEngine.csproj", "{99A5BE57-9016-4B0B-ADBD-C4C6D5527D0B}"
EndProject
Global
	GlobalSection(SolutionConfigurationPlatforms) = preSolution
		Debug|Any CPU = Debug|Any CPU
		Release|Any CPU = Release|Any CPU
	EndGlobalSection
	GlobalSection(ProjectConfigurationPlatforms) = postSolution
		{99A5BE57-9016-4B0B-ADBD-C4C6D5527D0B}.Debug|Any CPU.ActiveCfg = Debug|Any CPU
		{99A5BE57-9016-4B0B-ADBD-C4C6D5527D0B}.Debug|Any CPU.Build.0 = Debug|Any CPU
		{99A5BE57-9016-4B0B-ADBD-C4C6D5527D0B}.Release|Any CPU.ActiveCfg = Release|Any CPU
		{99A5BE57-9016-4B0B-ADBD-C4C6D5527D0B}.Release|Any CPU.Build.0 = Release|Any CPU
	EndGlobalSection
	GlobalSection(SolutionProperties) = preSolution
		HideSolutionNode = FALSE
	EndGlobalSection
	GlobalSection(ExtensibilityGlobals) = postSolution
		SolutionGuid = {3D506B3A-0258-4949-ACAC-A763DB03D4F0}
	EndGlobalSection
EndGlobal
